
Microsoft Visual Studio Solution File, Format Version 12.00
# Visual Studio Version 17
VisualStudioVersion = 17.14.36310.24
MinimumVisualStudioVersion = 10.0.40219.1
Project("{FAE04EC0-301F-11D3-BF4B-00C04F79EFBC}") = "SystemMonitor.Api", "SystemMonitor.Api.csproj", "{0C8C8999-6628-4463-8B62-8FE89BEEABFB}"
EndProject
Project("{FAE04EC0-301F-11D3-BF4B-00C04F79EFBC}") = "SystemMonitor.Test", "..\SystemMonitor.Test\SystemMonitor.Test.csproj", "{601F1BF5-68B3-4D50-9924-8D6CC67B9B14}"
EndProject
Global
	GlobalSection(SolutionConfigurationPlatforms) = preSolution
		Debug|Any CPU = Debug|Any CPU
		Release|Any CPU = Release|Any CPU
	EndGlobalSection
	GlobalSection(ProjectConfigurationPlatforms) = postSolution
		{0C8C8999-6628-4463-8B62-8FE89BEEABFB}.Debug|Any CPU.ActiveCfg = Debug|Any CPU
		{0C8C8999-6628-4463-8B62-8FE89BEEABFB}.Debug|Any CPU.Build.0 = Debug|Any CPU
		{0C8C8999-6628-4463-8B62-8FE89BEEABFB}.Release|Any CPU.ActiveCfg = Release|Any CPU
		{0C8C8999-6628-4463-8B62-8FE89BEEABFB}.Release|Any CPU.Build.0 = Release|Any CPU
		{601F1BF5-68B3-4D50-9924-8D6CC67B9B14}.Debug|Any CPU.ActiveCfg = Debug|Any CPU
		{601F1BF5-68B3-4D50-9924-8D6CC67B9B14}.Debug|Any CPU.Build.0 = Debug|Any CPU
		{601F1BF5-68B3-4D50-9924-8D6CC67B9B14}.Release|Any CPU.ActiveCfg = Release|Any CPU
		{601F1BF5-68B3-4D50-9924-8D6CC67B9B14}.Release|Any CPU.Build.0 = Release|Any CPU
	EndGlobalSection
	GlobalSection(SolutionProperties) = preSolution
		HideSolutionNode = FALSE
	EndGlobalSection
	GlobalSection(ExtensibilityGlobals) = postSolution
		SolutionGuid = {4E2E5416-FAF6-4F9F-8BDC-FD5D2F5092CF}
	EndGlobalSection
EndGlobal
